
Microsoft Visual Studio Solution File, Format Version 12.00
# Visual Studio Version 17
VisualStudioVersion = 17.5.002.0
MinimumVisualStudioVersion = 10.0.40219.1
Project("{9A19103F-16F7-4668-BE54-9A1E7A4F7556}") = "CommitLogApp", "CommitLogApp\CommitLogApp.csproj", "{64EC8A0C-1302-41D7-B633-D8B68DD8E742}"
EndProject
Project("{FAE04EC0-301F-11D3-BF4B-00C04F79EFBC}") = "CommitLogApp.Tests", "CommitLogApp.Tests\CommitLogApp.Tests.csproj", "{7DF9AB45-0695-4F94-8E78-F405A51EE788}"
EndProject
Global
	GlobalSection(SolutionConfigurationPlatforms) = preSolution
		Debug|Any CPU = Debug|Any CPU
		Release|Any CPU = Release|Any CPU
	EndGlobalSection
	GlobalSection(ProjectConfigurationPlatforms) = postSolution
		{64EC8A0C-1302-41D7-B633-D8B68DD8E742}.Debug|Any CPU.ActiveCfg = Debug|Any CPU
		{64EC8A0C-1302-41D7-B633-D8B68DD8E742}.Debug|Any CPU.Build.0 = Debug|Any CPU
		{64EC8A0C-1302-41D7-B633-D8B68DD8E742}.Release|Any CPU.ActiveCfg = Release|Any CPU
		{64EC8A0C-1302-41D7-B633-D8B68DD8E742}.Release|Any CPU.Build.0 = Release|Any CPU
		{7DF9AB45-0695-4F94-8E78-F405A51EE788}.Debug|Any CPU.ActiveCfg = Debug|Any CPU
		{7DF9AB45-0695-4F94-8E78-F405A51EE788}.Debug|Any CPU.Build.0 = Debug|Any CPU
		{7DF9AB45-0695-4F94-8E78-F405A51EE788}.Release|Any CPU.ActiveCfg = Release|Any CPU
		{7DF9AB45-0695-4F94-8E78-F405A51EE788}.Release|Any CPU.Build.0 = Release|Any CPU
	EndGlobalSection
	GlobalSection(SolutionProperties) = preSolution
		HideSolutionNode = FALSE
	EndGlobalSection
	GlobalSection(ExtensibilityGlobals) = postSolution
		SolutionGuid = {6953DE55-02BB-4F95-9794-1463746D9318}
	EndGlobalSection
EndGlobal
